PODS:
  - DKImagePickerController/Core (4.3.9):
    - DKImagePickerController/ImageDataManager
    - DKImagePickerController/Resource
  - DKImagePickerController/ImageDataManager (4.3.9)
  - DKImagePickerController/PhotoGallery (4.3.9):
    - DKImagePickerController/Core
    - DKPhotoGallery
  - DKImagePickerController/Resource (4.3.9)
  - DKPhotoGallery (0.0.19):
    - DKPhotoGallery/Core (= 0.0.19)
    - DKPhotoGallery/Model (= 0.0.19)
    - DKPhotoGallery/Preview (= 0.0.19)
    - DKPhotoGallery/Resource (= 0.0.19)
    - SDWebImage
    - SwiftyGif
  - DKPhotoGallery/Core (0.0.19):
    - DKPhotoGallery/Model
    - DKPhotoGallery/Preview
    - SDWebImage
    - SwiftyGif
  - DKPhotoGallery/Model (0.0.19):
    - SDWebImage
    - SwiftyGif
  - DKPhotoGallery/Preview (0.0.19):
    - DKPhotoGallery/Model
    - DKPhotoGallery/Resource
    - SDWebImage
    - SwiftyGif
  - DKPhotoGallery/Resource (0.0.19):
    - SDWebImage
    - SwiftyGif
  - file_picker (0.0.1):
    - DKImagePickerController/PhotoGallery
    - Flutter
  - Firebase/Auth (11.0.0):
    - Firebase/CoreOnly
    - FirebaseAuth (~> 11.0.0)
  - Firebase/CoreOnly (11.0.0):
    - FirebaseCore (= 11.0.0)
  - firebase_auth (5.2.1):
    - Firebase/Auth (= 11.0.0)
    - firebase_core
    - Flutter
  - firebase_core (3.4.1):
    - Firebase/CoreOnly (= 11.0.0)
    - Flutter
  - FirebaseAppCheckInterop (11.2.0)
  - FirebaseAuth (11.0.0):
    - FirebaseAppCheckInterop (~> 11.0)
    - FirebaseAuthInterop (~> 11.0)
    - FirebaseCore (~> 11.0)
    - FirebaseCoreExtension (~> 11.0)
    - GoogleUtilities/AppDelegateSwizzler (~> 8.0)
    - GoogleUtilities/Environment (~> 8.0)
    - GTMSessionFetcher/Core (~> 3.4)
    - RecaptchaInterop (~> 100.0)
  - FirebaseAuthInterop (11.2.0)
  - FirebaseCore (11.0.0):
    - FirebaseCoreInternal (~> 11.0)
    - GoogleUtilities/Environment (~> 8.0)
    - GoogleUtilities/Logger (~> 8.0)
  - FirebaseCoreExtension (11.2.0):
    - FirebaseCore (~> 11.0)
  - FirebaseCoreInternal (11.2.0):
    - "GoogleUtilities/NSData+zlib (~> 8.0)"
  - Flutter (1.0.0)
  - flutter_background_service_ios (0.0.3):
    - Flutter
  - geolocator_apple (1.2.0):
    - Flutter
  - GoogleUtilities/AppDelegateSwizzler (8.0.2):
    - GoogleUtilities/Environment
    - GoogleUtilities/Logger
    - GoogleUtilities/Network
    - GoogleUtilities/Privacy
  - GoogleUtilities/Environment (8.0.2):
    - GoogleUtilities/Privacy
  - GoogleUtilities/Logger (8.0.2):
    - GoogleUtilities/Environment
    - GoogleUtilities/Privacy
  - GoogleUtilities/Network (8.0.2):
    - GoogleUtilities/Logger
    - "GoogleUtilities/NSData+zlib"
    - GoogleUtilities/Privacy
    - GoogleUtilities/Reachability
  - "GoogleUtilities/NSData+zlib (8.0.2)":
    - GoogleUtilities/Privacy
  - GoogleUtilities/Privacy (8.0.2)
  - GoogleUtilities/Reachability (8.0.2):
    - GoogleUtilities/Logger
    - GoogleUtilities/Privacy
  - GTMSessionFetcher/Core (3.5.0)
  - image_gallery_saver (2.0.2):
    - Flutter
  - image_picker_ios (0.0.1):
    - Flutter
  - path_provider_foundation (0.0.1):
    - Flutter
    - FlutterMacOS
  - permission_handler_apple (9.3.0):
    - Flutter
  - printing (1.0.0):
    - Flutter
  - RecaptchaInterop (100.0.0)
  - record (0.0.1):
    - Flutter
  - SDWebImage (5.19.7):
    - SDWebImage/Core (= 5.19.7)
  - SDWebImage/Core (5.19.7)
  - shared_preferences_foundation (0.0.1):
    - Flutter
    - FlutterMacOS
  - SwiftyGif (5.4.5)
  - url_launcher_ios (0.0.1):
    - Flutter
  - wifi_info_flutter (0.0.1):
    - Flutter

DEPENDENCIES:
  - file_picker (from `.symlinks/plugins/file_picker/ios`)
  - firebase_auth (from `.symlinks/plugins/firebase_auth/ios`)
  - firebase_core (from `.symlinks/plugins/firebase_core/ios`)
  - Flutter (from `Flutter`)
  - flutter_background_service_ios (from `.symlinks/plugins/flutter_background_service_ios/ios`)
  - geolocator_apple (from `.symlinks/plugins/geolocator_apple/ios`)
  - image_gallery_saver (from `.symlinks/plugins/image_gallery_saver/ios`)
  - image_picker_ios (from `.symlinks/plugins/image_picker_ios/ios`)
  - path_provider_foundation (from `.symlinks/plugins/path_provider_foundation/darwin`)
  - permission_handler_apple (from `.symlinks/plugins/permission_handler_apple/ios`)
  - printing (from `.symlinks/plugins/printing/ios`)
  - record (from `.symlinks/plugins/record/ios`)
  - shared_preferences_foundation (from `.symlinks/plugins/shared_preferences_foundation/darwin`)
  - url_launcher_ios (from `.symlinks/plugins/url_launcher_ios/ios`)
  - wifi_info_flutter (from `.symlinks/plugins/wifi_info_flutter/ios`)

SPEC REPOS:
  trunk:
    - DKImagePickerController
    - DKPhotoGallery
    - Firebase
    - FirebaseAppCheckInterop
    - FirebaseAuth
    - FirebaseAuthInterop
    - FirebaseCore
    - FirebaseCoreExtension
    - FirebaseCoreInternal
    - GoogleUtilities
    - GTMSessionFetcher
    - RecaptchaInterop
    - SDWebImage
    - SwiftyGif

EXTERNAL SOURCES:
  file_picker:
    :path: ".symlinks/plugins/file_picker/ios"
  firebase_auth:
    :path: ".symlinks/plugins/firebase_auth/ios"
  firebase_core:
    :path: ".symlinks/plugins/firebase_core/ios"
  Flutter:
    :path: Flutter
  flutter_background_service_ios:
    :path: ".symlinks/plugins/flutter_background_service_ios/ios"
  geolocator_apple:
    :path: ".symlinks/plugins/geolocator_apple/ios"
  image_gallery_saver:
    :path: ".symlinks/plugins/image_gallery_saver/ios"
  image_picker_ios:
    :path: ".symlinks/plugins/image_picker_ios/ios"
  path_provider_foundation:
    :path: ".symlinks/plugins/path_provider_foundation/darwin"
  permission_handler_apple:
    :path: ".symlinks/plugins/permission_handler_apple/ios"
  printing:
    :path: ".symlinks/plugins/printing/ios"
  record:
    :path: ".symlinks/plugins/record/ios"
  shared_preferences_foundation:
    :path: ".symlinks/plugins/shared_preferences_foundation/darwin"
  url_launcher_ios:
    :path: ".symlinks/plugins/url_launcher_ios/ios"
  wifi_info_flutter:
    :path: ".symlinks/plugins/wifi_info_flutter/ios"

SPEC CHECKSUMS:
  DKImagePickerController: 946cec48c7873164274ecc4624d19e3da4c1ef3c
  DKPhotoGallery: b3834fecb755ee09a593d7c9e389d8b5d6deed60
  file_picker: 09aa5ec1ab24135ccd7a1621c46c84134bfd6655
  Firebase: 9f574c08c2396885b5e7e100ed4293d956218af9
  firebase_auth: 78dab5e2826921865b33799c66ce7868542beed0
  firebase_core: ba84e940cf5cbbc601095f86556560937419195c
  FirebaseAppCheckInterop: ea21450529cf0ebd132788dd8916a0269abc684f
  FirebaseAuth: d5cf28be74d7e82257f6a3f717509eff70d3cf4a
  FirebaseAuthInterop: 47c09558af5d1b31f16fb352387c72d4804f4a24
  FirebaseCore: 3cf438f431f18c12cdf2aaf64434648b63f7e383
  FirebaseCoreExtension: cda74ddfb001224bd8fd1d6e74698b4ed07803de
  FirebaseCoreInternal: 0c569513412da9f3b31bd0b340013bbee8f295c5
  Flutter: e0871f40cf51350855a761d2e70bf5af5b9b5de7
  flutter_background_service_ios: e30e0d3ee69e4cee66272d0c78eacd48c2e94aac
  geolocator_apple: 6cbaf322953988e009e5ecb481f07efece75c450
  GoogleUtilities: 26a3abef001b6533cf678d3eb38fd3f614b7872d
  GTMSessionFetcher: 5aea5ba6bd522a239e236100971f10cb71b96ab6
  image_gallery_saver: cb43cc43141711190510e92c460eb1655cd343cb
  image_picker_ios: 99dfe1854b4fa34d0364e74a78448a0151025425
  path_provider_foundation: 2b6b4c569c0fb62ec74538f866245ac84301af46
  permission_handler_apple: 9878588469a2b0d0fc1e048d9f43605f92e6cec2
  printing: 233e1b73bd1f4a05615548e9b5a324c98588640b
  RecaptchaInterop: 7d1a4a01a6b2cb1610a47ef3f85f0c411434cb21
  record: cae05d8dd3cdb1dea3511b20e5a5811a1ae00d0d
  SDWebImage: 8a6b7b160b4d710e2a22b6900e25301075c34cb3
  shared_preferences_foundation: fcdcbc04712aee1108ac7fda236f363274528f78
  SwiftyGif: 706c60cf65fa2bc5ee0313beece843c8eb8194d4
  url_launcher_ios: 5334b05cef931de560670eeae103fd3e431ac3fe
  wifi_info_flutter: 55d4c2469034f5b5c38063ccefa62f708a503a2b

PODFILE CHECKSUM: 1531abee7c29e7202a3b1fe1351af047295c1352

COCOAPODS: 1.15.2
